schema: '2.0'
stages:
  data_ingestion:
    cmd: python src/data_ingestion.py
    deps:
    - path: src/data_ingestion.py
      hash: md5
      md5: 6ec84ce1d5e22aa486b2b224d83ddb84
      size: 3624
    params:
      params.yaml:
        data_ingestion.test_size: 0.3
    outs:
    - path: data/raw
      hash: md5
      md5: d26befd2dda9438254177d9000d9ba1f.dir
      size: 484846
      nfiles: 2
  data_preprocessing:
    cmd: python src/data_preprocessing.py
    deps:
    - path: data/raw
      hash: md5
      md5: d26befd2dda9438254177d9000d9ba1f.dir
      size: 484846
      nfiles: 2
    - path: src/data_preprocessing.py
      hash: md5
      md5: f06c93beb98ae3c71f50f1465b6b7e6f
      size: 3922
    outs:
    - path: data/interim
      hash: md5
      md5: 61ca13b2e20854a1f7bacbbcfeca409e.dir
      size: 262513
      nfiles: 2
  feature_engineering:
    cmd: python src/feature_engineering.py
    deps:
    - path: data/interim
      hash: md5
      md5: 61ca13b2e20854a1f7bacbbcfeca409e.dir
      size: 262513
      nfiles: 2
    - path: src/feature_engineering.py
      hash: md5
      md5: 7c427c931024f55a963eecf83ba6416d
      size: 4063
    params:
      params.yaml:
        feature_engineering.max_features: 75
    outs:
    - path: data/processed
      hash: md5
      md5: 9d111991b5c6fa17f1c5035ec88c6215.dir
      size: 1757871
      nfiles: 2
  model_training:
    cmd: python src/model_training.py
    deps:
    - path: data/processed
      hash: md5
      md5: 9d111991b5c6fa17f1c5035ec88c6215.dir
      size: 1757871
      nfiles: 2
    - path: src/model_training.py
      hash: md5
      md5: 1ce5ae6a953c8af95f3de70a0fcd0842
      size: 4396
    params:
      params.yaml:
        model_training.n_estimators: 23
        model_training.random_state: 2
    outs:
    - path: models/model.pkl
      hash: md5
      md5: e41d849f3ab0ba8a40ecc90cdd58f2ba
      size: 1025832
  model_evaluation:
    cmd: python src/model_evaluation.py
    deps:
    - path: models/model.pkl
      hash: md5
      md5: e41d849f3ab0ba8a40ecc90cdd58f2ba
      size: 1025832
    - path: src/model_evaluation.py
      hash: md5
      md5: 33785aa661b995dd9b050230f8dd3538
      size: 5243
    outs:
    - path: reports/metrics.json
      hash: md5
      md5: 81c4dc8cb26d715019ad0e4bd5f18b6e
      size: 149
